[[package]]
category = "dev"
description = "Python graph (network) package"
name = "altgraph"
optional = false
python-versions = "*"
version = "0.17"

[[package]]
category = "main"
description = "A library for parsing ISO 8601 strings."
name = "aniso8601"
optional = false
python-versions = "*"
version = "8.0.0"

[[package]]
category = "main"
description = ""
name = "argumentize"
optional = false
python-versions = "*"
version = "0.1"

[package.source]
reference = "a50c9f543ddb3cee68b087e93b61af4f3dab72de"
type = "git"
url = "https://github.com/d42/argumentize"
[[package]]
category = "dev"
description = "Atomic file writes."
marker = "sys_platform == \"win32\""
name = "atomicwrites"
optional = false
python-versions = ">=2.7, !=3.0.*, !=3.1.*, !=3.2.*, !=3.3.*"
version = "1.3.0"

[[package]]
category = "dev"
description = "Classes Without Boilerplate"
name = "attrs"
optional = false
python-versions = ">=2.7, !=3.0.*, !=3.1.*, !=3.2.*, !=3.3.*"
version = "19.3.0"

[[package]]
category = "main"
description = "Fast, simple object-to-object and broadcast signaling"
name = "blinker"
optional = false
python-versions = "*"
version = "1.4"

[[package]]
category = "dev"
description = "Python binding to the Brotli library"
name = "brotlipy"
optional = false
python-versions = "*"
version = "0.7.0"

[package.dependencies]
cffi = ">=1.0.0"

[[package]]
category = "main"
description = "Python package for providing Mozilla's CA Bundle."
name = "certifi"
optional = false
python-versions = "*"
version = "2019.11.28"

[[package]]
category = "dev"
description = "Foreign Function Interface for Python calling C code."
name = "cffi"
optional = false
python-versions = "*"
version = "1.14.0"

[package.dependencies]
pycparser = "*"

[[package]]
category = "main"
description = "Universal encoding detector for Python 2 and 3"
name = "chardet"
optional = false
python-versions = "*"
version = "3.0.4"

[[package]]
category = "main"
description = "Composable command line interface toolkit"
name = "click"
optional = false
python-versions = ">=2.7, !=3.0.*, !=3.1.*, !=3.2.*, !=3.3.*"
version = "7.0"

[[package]]
category = "dev"
description = "Cross-platform colored terminal text."
marker = "sys_platform == \"win32\""
name = "colorama"
optional = false
python-versions = ">=2.7, !=3.0.*, !=3.1.*, !=3.2.*, !=3.3.*, !=3.4.*"
version = "0.4.3"

[[package]]
category = "dev"
description = "Decorators for Humans"
name = "decorator"
optional = false
python-versions = ">=2.6, !=3.0.*, !=3.1.*"
version = "4.4.1"

[[package]]
category = "dev"
description = "Python 2.7 backport of the \"dis\" module from Python 3.5+"
name = "dis3"
optional = false
python-versions = "*"
version = "0.1.3"

[[package]]
category = "dev"
description = "Discover and load entry points from installed packages."
name = "entrypoints"
optional = false
python-versions = ">=2.7"
version = "0.3"

[[package]]
category = "main"
description = "Bindings to the Linux input handling subsystem"
name = "evdev"
optional = false
python-versions = "*"
version = "1.3.0"

[[package]]
category = "dev"
description = "the modular source code checker: pep8, pyflakes and co"
name = "flake8"
optional = false
python-versions = ">=2.7, !=3.0.*, !=3.1.*, !=3.2.*, !=3.3.*"
version = "3.7.9"

[package.dependencies]
entrypoints = ">=0.3.0,<0.4.0"
mccabe = ">=0.6.0,<0.7.0"
pycodestyle = ">=2.5.0,<2.6.0"
pyflakes = ">=2.1.0,<2.2.0"

[[package]]
category = "main"
description = "A simple framework for building complex web applications."
name = "flask"
optional = false
python-versions = ">=2.7, !=3.0.*, !=3.1.*, !=3.2.*, !=3.3.*, !=3.4.*"
version = "1.1.1"

[package.dependencies]
Jinja2 = ">=2.10.1"
Werkzeug = ">=0.15"
click = ">=5.1"
itsdangerous = ">=0.24"

[[package]]
category = "main"
description = "Simple framework for creating REST APIs"
name = "flask-restful"
optional = false
python-versions = "*"
version = "0.3.8"

[package.dependencies]
Flask = ">=0.8"
aniso8601 = ">=0.82"
pytz = "*"
six = ">=1.3.0"

[[package]]
category = "main"
description = "HTTP/2-based RPC framework"
name = "grpcio"
optional = false
python-versions = "*"
version = "1.27.2"

[package.dependencies]
six = ">=1.5.2"

[[package]]
category = "main"
description = "Standard Protobuf Reflection Service for gRPC"
name = "grpcio-reflection"
optional = false
python-versions = "*"
version = "1.27.2"

[package.dependencies]
grpcio = ">=1.27.2"
protobuf = ">=3.6.0"

[[package]]
category = "dev"
description = "Protobuf code generator for gRPC"
name = "grpcio-tools"
optional = false
python-versions = "*"
version = "1.27.2"

[package.dependencies]
grpcio = ">=1.27.2"
protobuf = ">=3.5.0.post1"

[[package]]
category = "dev"
description = "HTTP Request and Response Service"
name = "httpbin"
optional = false
python-versions = "*"
version = "0.7.0"

[package.dependencies]
Flask = "*"
MarkupSafe = "*"
brotlipy = "*"
decorator = "*"
itsdangerous = "*"
raven = "*"
six = "*"
werkzeug = ">=0.14.1"

[[package]]
category = "main"
description = "Internationalized Domain Names in Applications (IDNA)"
name = "idna"
optional = false
python-versions = ">=2.7, !=3.0.*, !=3.1.*, !=3.2.*, !=3.3.*"
version = "2.8"

[[package]]
category = "dev"
description = "Read metadata from Python packages"
marker = "python_version < \"3.8\""
name = "importlib-metadata"
optional = false
python-versions = "!=3.0.*,!=3.1.*,!=3.2.*,!=3.3.*,!=3.4.*,>=2.7"
version = "1.5.0"

[package.dependencies]
zipp = ">=0.5"

[[package]]
category = "main"
description = "Various helpers to pass data to untrusted environments and back."
name = "itsdangerous"
optional = false
python-versions = ">=2.7, !=3.0.*, !=3.1.*, !=3.2.*, !=3.3.*"
version = "1.1.0"

[[package]]
category = "main"
description = "A very fast and expressive template engine."
name = "jinja2"
optional = false
python-versions = ">=2.7, !=3.0.*, !=3.1.*, !=3.2.*, !=3.3.*, !=3.4.*"
version = "2.11.1"

[package.dependencies]
MarkupSafe = ">=0.23"

[[package]]
category = "main"
description = "Safely add untrusted strings to HTML/XML markup."
name = "markupsafe"
optional = false
python-versions = ">=2.7,!=3.0.*,!=3.1.*,!=3.2.*,!=3.3.*"
version = "1.1.1"

[[package]]
category = "main"
description = "A lightweight library for converting complex datatypes to and from native Python datatypes."
name = "marshmallow"
optional = false
python-versions = ">=3.5"
version = "3.4.0"

[[package]]
category = "dev"
description = "McCabe checker, plugin for flake8"
name = "mccabe"
optional = false
python-versions = "*"
version = "0.6.1"

[[package]]
category = "dev"
description = "More routines for operating on iterables, beyond itertools"
name = "more-itertools"
optional = false
python-versions = ">=3.5"
version = "8.2.0"

[[package]]
category = "dev"
description = "Core utilities for Python packages"
name = "packaging"
optional = false
python-versions = ">=2.7, !=3.0.*, !=3.1.*, !=3.2.*, !=3.3.*"
version = "20.1"

[package.dependencies]
pyparsing = ">=2.0.2"
six = "*"

[[package]]
category = "main"
description = "MQTT version 3.1.1 client class"
name = "paho-mqtt"
optional = false
python-versions = "*"
version = "1.5.0"

[[package]]
category = "dev"
description = "plugin and hook calling mechanisms for python"
name = "pluggy"
optional = false
python-versions = ">=2.7, !=3.0.*, !=3.1.*, !=3.2.*, !=3.3.*"
version = "0.13.1"

[package.dependencies]
[package.dependencies.importlib-metadata]
python = "<3.8"
version = ">=0.12"

[[package]]
category = "main"
description = "Python client for the Prometheus monitoring system."
name = "prometheus-client"
optional = false
python-versions = "*"
version = "0.7.1"

[[package]]
category = "main"
description = "Protocol Buffers"
name = "protobuf"
optional = false
python-versions = "*"
version = "3.11.3"

[package.dependencies]
setuptools = "*"
six = ">=1.9"

[[package]]
category = "dev"
description = "A full-screen, console-based Python debugger"
name = "pudb"
optional = false
python-versions = "*"
version = "2019.2"

[package.dependencies]
pygments = ">=1.0"
urwid = ">=1.1.1"

[[package]]
category = "dev"
description = "library with cross-python path, ini-parsing, io, code, log facilities"
name = "py"
optional = false
python-versions = ">=2.7, !=3.0.*, !=3.1.*, !=3.2.*, !=3.3.*"
version = "1.8.1"

[[package]]
category = "dev"
description = "Python style guide checker"
name = "pycodestyle"
optional = false
python-versions = ">=2.7, !=3.0.*, !=3.1.*, !=3.2.*, !=3.3.*"
version = "2.5.0"

[[package]]
category = "dev"
description = "C parser in Python"
name = "pycparser"
optional = false
python-versions = ">=2.7, !=3.0.*, !=3.1.*, !=3.2.*, !=3.3.*"
version = "2.19"

[[package]]
category = "dev"
description = "Library for analyzing ELF files and DWARF debugging information"
name = "pyelftools"
optional = false
python-versions = "*"
version = "0.26"

[[package]]
category = "dev"
description = "passive checker of Python programs"
name = "pyflakes"
optional = false
python-versions = ">=2.7, !=3.0.*, !=3.1.*, !=3.2.*, !=3.3.*"
version = "2.1.1"

[[package]]
category = "dev"
description = "Pygments is a syntax highlighting package written in Python."
name = "pygments"
optional = false
python-versions = ">=2.7, !=3.0.*, !=3.1.*, !=3.2.*, !=3.3.*, !=3.4.*"
version = "2.5.2"

[[package]]
category = "dev"
description = "PyInstaller bundles a Python application and all its dependencies into a single package."
name = "pyinstaller"
optional = false
python-versions = ">=2.7, !=3.0.*, !=3.1.*, !=3.2.*, !=3.3.*, !=3.4.*"
version = "3.6"

[package.dependencies]
altgraph = "*"
dis3 = "*"
setuptools = "*"

[[package]]
category = "dev"
description = "Python parsing module"
name = "pyparsing"
optional = false
python-versions = ">=2.6, !=3.0.*, !=3.1.*, !=3.2.*"
version = "2.4.6"

[[package]]
category = "main"
description = "Python SDL2 bindings"
name = "pysdl2"
optional = false
python-versions = "*"
version = "0.9.6"

[[package]]
category = "dev"
description = "pytest: simple powerful testing with Python"
name = "pytest"
optional = false
python-versions = ">=3.5"
version = "5.3.5"

[package.dependencies]
atomicwrites = ">=1.0"
attrs = ">=17.4.0"
colorama = "*"
more-itertools = ">=4.0.0"
packaging = "*"
pluggy = ">=0.12,<1.0"
py = ">=1.5.0"
wcwidth = "*"

[package.dependencies.importlib-metadata]
python = "<3.8"
version = ">=0.12"

[[package]]
category = "dev"
description = "Easily test your HTTP library against a local copy of httpbin"
name = "pytest-httpbin"
optional = false
python-versions = "*"
version = "1.0.0"

[package.dependencies]
httpbin = "*"
six = "*"

[[package]]
category = "dev"
description = "Pytest PuDB debugger integration"
name = "pytest-pudb"
optional = false
python-versions = "*"
version = "0.7.0"

[package.dependencies]
pudb = "*"
pytest = ">=2.0"

[[package]]
category = "main"
description = "Extensions to the standard Python datetime module"
name = "python-dateutil"
optional = false
python-versions = "!=3.0.*,!=3.1.*,!=3.2.*,>=2.7"
version = "2.8.1"

[package.dependencies]
six = ">=1.5"

[[package]]
category = "main"
description = "World timezone definitions, modern and historical"
name = "pytz"
optional = false
python-versions = "*"
version = "2019.3"

[[package]]
category = "main"
description = "YAML parser and emitter for Python"
name = "pyyaml"
optional = false
python-versions = ">=2.7, !=3.0.*, !=3.1.*, !=3.2.*, !=3.3.*, !=3.4.*"
version = "5.3"

[[package]]
category = "dev"
description = "Raven is a client for Sentry (https://getsentry.com)"
name = "raven"
optional = false
python-versions = "*"
version = "6.10.0"

[package.dependencies]
Flask = ">=0.8"
blinker = ">=1.1"

[[package]]
category = "main"
description = "Python HTTP for Humans."
name = "requests"
optional = false
python-versions = ">=2.7, !=3.0.*, !=3.1.*, !=3.2.*, !=3.3.*, !=3.4.*"
version = "2.22.0"

[package.dependencies]
certifi = ">=2017.4.17"
chardet = ">=3.0.2,<3.1.0"
idna = ">=2.5,<2.9"
urllib3 = ">=1.21.1,<1.25.0 || >1.25.0,<1.25.1 || >1.25.1,<1.26"

[[package]]
category = "main"
description = "Python 2 and 3 compatibility utilities"
name = "six"
optional = false
python-versions = ">=2.7, !=3.0.*, !=3.1.*, !=3.2.*"
version = "1.14.0"

[[package]]
category = "dev"
description = "Build static self-extracting app from dynamic executable"
name = "staticx"
optional = false
python-versions = ">=2.7, !=3.0.*, !=3.1.*, !=3.2.*, !=3.3.*"
version = "0.7.0"

[package.dependencies]
pyelftools = "*"

[[package]]
category = "main"
description = "HTTP library with thread-safe connection pooling, file post, and more."
name = "urllib3"
optional = false
python-versions = ">=2.7, !=3.0.*, !=3.1.*, !=3.2.*, !=3.3.*, !=3.4.*, <4"
version = "1.25.8"

[[package]]
category = "dev"
description = "A full-featured console (xterm et al.) user interface library"
name = "urwid"
optional = false
python-versions = "*"
version = "2.1.0"

[[package]]
category = "dev"
description = "Measures number of Terminal column cells of wide-character codes"
name = "wcwidth"
optional = false
python-versions = "*"
version = "0.1.8"

[[package]]
category = "main"
description = "The comprehensive WSGI web application library."
name = "werkzeug"
optional = false
python-versions = ">=2.7, !=3.0.*, !=3.1.*, !=3.2.*, !=3.3.*, !=3.4.*"
version = "1.0.0"

[[package]]
category = "dev"
description = "Backport of pathlib-compatible object wrapper for zip files"
marker = "python_version < \"3.8\""
name = "zipp"
optional = false
python-versions = ">=3.6"
version = "2.2.0"

[metadata]
content-hash = "dfb4ec74a6aca59f34c0cd2cad08f4b4752b79e33b39c51c4eedc60ee55300f3"
python-versions = "^3.7"

[metadata.hashes]
altgraph = ["1f05a47122542f97028caf78775a095fbe6a2699b5089de8477eb583167d69aa", "c623e5f3408ca61d4016f23a681b9adb100802ca3e3da5e718915a9e4052cebe"]
aniso8601 = ["529dcb1f5f26ee0df6c0a1ee84b7b27197c3c50fc3a6321d66c544689237d072", "c033f63d028b9a58e3ab0c2c7d0532ab4bfa7452bfc788fbfe3ddabd327b181a"]
argumentize = []
atomicwrites = ["03472c30eb2c5d1ba9227e4c2ca66ab8287fbfbbda3888aa93dc2e28fc6811b4", "75a9445bac02d8d058d5e1fe689654ba5a6556a1dfd8ce6ec55a0ed79866cfa6"]
attrs = ["08a96c641c3a74e44eb59afb61a24f2cb9f4d7188748e76ba4bb5edfa3cb7d1c", "f7b7ce16570fe9965acd6d30101a28f62fb4a7f9e926b3bbc9b61f8b04247e72"]
blinker = ["471aee25f3992bd325afa3772f1063dbdbbca947a041b8b89466dc00d606f8b6"]
brotlipy = ["07194f4768eb62a4f4ea76b6d0df6ade185e24ebd85877c351daa0a069f1111a", "091b299bf36dd6ef7a06570dbc98c0f80a504a56c5b797f31934d2ad01ae7d17", "09ec3e125d16749b31c74f021aba809541b3564e5359f8c265cbae442810b41a", "0be698678a114addcf87a4b9496c552c68a2c99bf93cf8e08f5738b392e82057", "0fa6088a9a87645d43d7e21e32b4a6bf8f7c3939015a50158c10972aa7f425b7", "1379347337dc3d20b2d61456d44ccce13e0625db2611c368023b4194d5e2477f", "1ea4e578241504b58f2456a6c69952c88866c794648bdc74baee74839da61d44", "2699945a0a992c04fc7dc7fa2f1d0575a2c8b4b769f2874a08e8eae46bef36ae", "2a80319ae13ea8dd60ecdc4f5ccf6da3ae64787765923256b62c598c5bba4121", "2e5c64522364a9ebcdf47c5744a5ddeb3f934742d31e61ebfbbc095460b47162", "36def0b859beaf21910157b4c33eb3b06d8ce459c942102f16988cca6ea164df", "3a3e56ced8b15fbbd363380344f70f3b438e0fd1fcf27b7526b6172ea950e867", "3c1d5e2cf945a46975bdb11a19257fa057b67591eb232f393d260e7246d9e571", "4e4638b49835d567d447a2cfacec109f9a777f219f071312268b351b6839436d", "50ca336374131cfad20612f26cc43c637ac0bfd2be3361495e99270883b52962", "5de6f7d010b7558f72f4b061a07395c5c3fd57f0285c5af7f126a677b976a868", "637847560d671657f993313ecc6c6c6666a936b7a925779fd044065c7bc035b9", "653faef61241bf8bf99d73ca7ec4baa63401ba7b2a2aa88958394869379d67c7", "786afc8c9bd67de8d31f46e408a3386331e126829114e4db034f91eacb05396d", "79aaf217072840f3e9a3b641cccc51f7fc23037496bd71e26211856b93f4b4cb", "7e31f7adcc5851ca06134705fcf3478210da45d35ad75ec181e1ce9ce345bb38", "8b39abc3256c978f575df5cd7893153277216474f303e26f0e43ba3d3969ef96", "9448227b0df082e574c45c983fa5cd4bda7bfb11ea6b59def0940c1647be0c3c", "96bc59ff9b5b5552843dc67999486a220e07a0522dddd3935da05dc194fa485c", "a07647886e24e2fb2d68ca8bf3ada398eb56fd8eac46c733d4d95c64d17f743b", "af65d2699cb9f13b26ec3ba09e75e80d31ff422c03675fcb36ee4dabe588fdc2", "b4c98b0d2c9c7020a524ca5bbff42027db1004c6571f8bc7b747f2b843128e7a", "c6cc0036b1304dd0073eec416cb2f6b9e37ac8296afd9e481cac3b1f07f9db25", "d2c1c724c4ac375feb2110f1af98ecdc0e5a8ea79d068efb5891f621a5b235cb", "dc6c5ee0df9732a44d08edab32f8a616b769cc5a4155a12d2d010d248eb3fb07", "fd1d1c64214af5d90014d82cee5d8141b13d44c92ada7a0c0ec0679c6f15a471"]
certifi = ["017c25db2a153ce562900032d5bc68e9f191e44e9a0f762f373977de9df1fbb3", "25b64c7da4cd7479594d035c08c2d809eb4aab3a26e5a990ea98cc450c320f1f"]
cffi = ["001bf3242a1bb04d985d63e138230802c6c8d4db3668fb545fb5005ddf5bb5ff", "00789914be39dffba161cfc5be31b55775de5ba2235fe49aa28c148236c4e06b", "028a579fc9aed3af38f4892bdcc7390508adabc30c6af4a6e4f611b0c680e6ac", "14491a910663bf9f13ddf2bc8f60562d6bc5315c1f09c704937ef17293fb85b0", "1cae98a7054b5c9391eb3249b86e0e99ab1e02bb0cc0575da191aedadbdf4384", "2089ed025da3919d2e75a4d963d008330c96751127dd6f73c8dc0c65041b4c26", "2d384f4a127a15ba701207f7639d94106693b6cd64173d6c8988e2c25f3ac2b6", "337d448e5a725bba2d8293c48d9353fc68d0e9e4088d62a9571def317797522b", "399aed636c7d3749bbed55bc907c3288cb43c65c4389964ad5ff849b6370603e", "3b911c2dbd4f423b4c4fcca138cadde747abdb20d196c4a48708b8a2d32b16dd", "3d311bcc4a41408cf5854f06ef2c5cab88f9fded37a3b95936c9879c1640d4c2", "62ae9af2d069ea2698bf536dcfe1e4eed9090211dbaafeeedf5cb6c41b352f66", "66e41db66b47d0d8672d8ed2708ba91b2f2524ece3dee48b5dfb36be8c2f21dc", "675686925a9fb403edba0114db74e741d8181683dcf216be697d208857e04ca8", "7e63cbcf2429a8dbfe48dcc2322d5f2220b77b2e17b7ba023d6166d84655da55", "8a6c688fefb4e1cd56feb6c511984a6c4f7ec7d2a1ff31a10254f3c817054ae4", "8c0ffc886aea5df6a1762d0019e9cb05f825d0eec1f520c51be9d198701daee5", "95cd16d3dee553f882540c1ffe331d085c9e629499ceadfbda4d4fde635f4b7d", "99f748a7e71ff382613b4e1acc0ac83bf7ad167fb3802e35e90d9763daba4d78", "b8c78301cefcf5fd914aad35d3c04c2b21ce8629b5e4f4e45ae6812e461910fa", "c420917b188a5582a56d8b93bdd8e0f6eca08c84ff623a4c16e809152cd35793", "c43866529f2f06fe0edc6246eb4faa34f03fe88b64a0a9a942561c8e22f4b71f", "cab50b8c2250b46fe738c77dbd25ce017d5e6fb35d3407606e7a4180656a5a6a", "cef128cb4d5e0b3493f058f10ce32365972c554572ff821e175dbc6f8ff6924f", "cf16e3cf6c0a5fdd9bc10c21687e19d29ad1fe863372b5543deaec1039581a30", "e56c744aa6ff427a607763346e4170629caf7e48ead6921745986db3692f987f", "e577934fc5f8779c554639376beeaa5657d54349096ef24abe8c74c5d9c117c3", "f2b0fa0c01d8a0c7483afd9f31d7ecf2d71760ca24499c8697aeb5ca37dc090c"]
chardet = ["84ab92ed1c4d4f16916e05906b6b75a6c0fb5db821cc65e70cbd64a3e2a5eaae", "fc323ffcaeaed0e0a02bf4d117757b98aed530d9ed4531e3e15460124c106691"]
click = ["2335065e6395b9e67ca716de5f7526736bfa6ceead690adf616d925bdc622b13", "5b94b49521f6456670fdb30cd82a4eca9412788a93fa6dd6df72c94d5a8ff2d7"]
colorama = ["7d73d2a99753107a36ac6b455ee49046802e59d9d076ef8e47b61499fa29afff", "e96da0d330793e2cb9485e9ddfd918d456036c7149416295932478192f4436a1"]
decorator = ["54c38050039232e1db4ad7375cfce6748d7b41c29e95a081c8a6d2c30364a2ce", "5d19b92a3c8f7f101c8dd86afd86b0f061a8ce4540ab8cd401fa2542756bce6d"]
dis3 = ["30b6412d33d738663e8ded781b138f4b01116437f0872aa56aa3adba6aeff218", "61f7720dd0d8749d23fda3d7227ce74d73da11c2fade993a67ab2f9852451b14", "9259b881fc1df02ed12ac25f82d4a85b44241854330b1a651e40e0c675cb2d1e"]
entrypoints = ["589f874b313739ad35be6e0cd7efde2a4e9b6fea91edcc34e58ecbb8dbe56d19", "c70dd71abe5a8c85e55e12c19bd91ccfeec11a6e99044204511f9ed547d48451"]
evdev = ["b1c649b4fed7252711011da235782b2c260b32e004058d62473471e5cd30634d"]
flake8 = ["45681a117ecc81e870cbf1262835ae4af5e7a8b08e40b944a8a6e6b895914cfb", "49356e766643ad15072a789a20915d3c91dc89fd313ccd71802303fd67e4deca"]
flask = ["13f9f196f330c7c2c5d7a5cf91af894110ca0215ac051b5844701f2bfd934d52", "45eb5a6fd193d6cf7e0cf5d8a5b31f83d5faae0293695626f539a823e93b13f6"]
flask-restful = ["5ea9a5991abf2cb69b4aac19793faac6c032300505b325687d7c305ffaa76915", "d891118b951921f1cec80cabb4db98ea6058a35e6404788f9e70d5b243813ec2"]
grpcio = ["02aef8ef1a5ac5f0836b543e462eb421df6048a7974211a906148053b8055ea6", "07f82aefb4a56c7e1e52b78afb77d446847d27120a838a1a0489260182096045", "1cff47297ee614e7ef66243dc34a776883ab6da9ca129ea114a802c5e58af5c1", "1ec8fc865d8da6d0713e2092a27eee344cd54628b2c2065a0e77fff94df4ae00", "1ef949b15a1f5f30651532a9b54edf3bd7c0b699a10931505fa2c80b2d395942", "209927e65395feb449783943d62a3036982f871d7f4045fadb90b2d82b153ea8", "25c77692ea8c0929d4ad400ea9c3dcbcc4936cee84e437e0ef80da58fa73d88a", "28f27c64dd699b8b10f70da5f9320c1cffcaefca7dd76275b44571bd097f276c", "355bd7d7ce5ff2917d217f0e8ddac568cb7403e1ce1639b35a924db7d13a39b6", "4a0a33ada3f6f94f855f92460896ef08c798dcc5f17d9364d1735c5adc9d7e4a", "4d3b6e66f32528bf43ca2297caca768280a8e068820b1c3dca0fcf9f03c7d6f1", "5121fa96c79fc0ec81825091d0be5c16865f834f41b31da40b08ee60552f9961", "57949756a3ce1f096fa2b00f812755f5ab2effeccedb19feeb7d0deafa3d1de7", "586d931736912865c9790c60ca2db29e8dc4eace160d5a79fec3e58df79a9386", "5ae532b93cf9ce5a2a549b74a2c35e3b690b171ece9358519b3039c7b84c887e", "5dab393ab96b2ce4012823b2f2ed4ee907150424d2f02b97bd6f8dd8f17cc866", "5ebc13451246de82f130e8ee7e723e8d7ae1827f14b7b0218867667b1b12c88d", "68a149a0482d0bc697aac702ec6efb9d380e0afebf9484db5b7e634146528371", "6db7ded10b82592c472eeeba34b9f12d7b0ab1e2dcad12f081b08ebdea78d7d6", "6e545908bcc2ae28e5b190ce3170f92d0438cf26a82b269611390114de0106eb", "6f328a3faaf81a2546a3022b3dfc137cc6d50d81082dbc0c94d1678943f05df3", "706e2dea3de33b0d8884c4d35ecd5911b4ff04d0697c4138096666ce983671a6", "80c3d1ce8820dd819d1c9d6b63b6f445148480a831173b572a9174a55e7abd47", "8111b61eee12d7af5c58f82f2c97c2664677a05df9225ef5cbc2f25398c8c454", "9713578f187fb1c4d00ac554fe1edcc6b3ddd62f5d4eb578b81261115802df8e", "9c0669ba9aebad540fb05a33beb7e659ea6e5ca35833fc5229c20f057db760e8", "9e9cfe55dc7ac2aa47e0fd3285ff829685f96803197042c9d2f0fb44e4b39b2c", "a22daaf30037b8e59d6968c76fe0f7ff062c976c7a026e92fbefc4c4bf3fc5a4", "a25b84e10018875a0f294a7649d07c43e8bc3e6a821714e39e5cd607a36386d7", "a71138366d57901597bfcc52af7f076ab61c046f409c7b429011cd68de8f9fe6", "b4efde5524579a9ce0459ca35a57a48ca878a4973514b8bb88cb80d7c9d34c85", "b78af4d42985ab3143d9882d0006f48d12f1bc4ba88e78f23762777c3ee64571", "bb2987eb3af9bcf46019be39b82c120c3d35639a95bc4ee2d08f36ecdf469345", "c03ce53690fe492845e14f4ab7e67d5a429a06db99b226b5c7caa23081c1e2bb", "c59b9280284b791377b3524c8e39ca7b74ae2881ba1a6c51b36f4f1bb94cee49", "d18b4c8cacbb141979bb44355ee5813dd4d307e9d79b3a36d66eca7e0a203df8", "d1e5563e3b7f844dbc48d709c9e4a75647e11d0387cc1fa0c861d3e9d34bc844", "d22c897b65b1408509099f1c3334bd3704f5e4eb7c0486c57d0e212f71cb8f54", "dbec0a3a154dbf2eb85b38abaddf24964fa1c059ee0a4ad55d6f39211b1a4bca", "ed123037896a8db6709b8ad5acc0ed435453726ea0b63361d12de369624c2ab5", "f3614dabd2cc8741850597b418bcf644d4f60e73615906c3acc407b78ff720b3", "f9d632ce9fd485119c968ec6a7a343de698c5e014d17602ae2f110f1b05925ed", "fb62996c61eeff56b59ab8abfcaa0859ec2223392c03d6085048b576b567459b"]
grpcio-reflection = ["c2c835dff3d805d776711d29a70316ef43e0c3e38279ac5ae34c35c6b10361ce"]
grpcio-tools = ["00c5080cfb197ed20ecf0d0ff2d07f1fc9c42c724cad21c40ff2d048de5712b1", "069826dd02ce1886444cf4519c4fe1b05ac9ef41491f26e97400640531db47f6", "1266b577abe7c720fd16a83d0a4999a192e87c4a98fc9f97e0b99b106b3e155f", "16dc3fad04fe18d50777c56af7b2d9b9984cd1cfc71184646eb431196d1645c6", "1de5a273eaffeb3d126a63345e9e848ea7db740762f700eb8b5d84c5e3e7687d", "2ca280af2cae1a014a238057bd3c0a254527569a6a9169a01c07f0590081d530", "43a1573400527a23e4174d88604fde7a9d9a69bf9473c21936b7f409858f8ebb", "4698c6b6a57f73b14d91a542c69ff33a2da8729691b7060a5d7f6383624d045e", "520b7dafddd0f82cb7e4f6e9c6ba1049aa804d0e207870def9fe7f94d1e14090", "57f8b9e2c7f55cd45f6dd930d6de61deb42d3eb7f9788137fbc7155cf724132a", "59fbeb5bb9a7b94eb61642ac2cee1db5233b8094ca76fc56d4e0c6c20b5dd85f", "5fd7efc2fd3370bd2c72dc58f31a407a5dff5498befa145da211b2e8c6a52c63", "6016c07d6566e3109a3c032cf3861902d66501ecc08a5a84c47e43027302f367", "627c91923df75091d8c4d244af38d5ab7ed8d786d480751d6c2b9267fbb92fe0", "69c4a63919b9007e845d9f8980becd2f89d808a4a431ca32b9723ee37b521cb1", "77e25c241e33b75612f2aa62985f746c6f6803ec4e452da508bb7f8d90a69db4", "7a2d5fb558ac153a326e742ebfd7020eb781c43d3ffd920abd42b2e6c6fdfb37", "7b54b283ec83190680903a9037376dc915e1f03852a2d574ba4d981b7a1fd3d0", "845a51305af9fc7f9e2078edaec9a759153195f6cf1fbb12b1fa6f077e56b260", "84724458c86ff9b14c29b49e321f34d80445b379f4cd4d0494c694b49b1d6f88", "87e8ca2c2d2d3e09b2a2bed5d740d7b3e64028dafb7d6be543b77eec85590736", "8e7738a4b93842bca1158cde81a3587c9b7111823e40a1ddf73292ca9d58e08b", "915a695bc112517af48126ee0ecdb6aff05ed33f3eeef28f0d076f1f6b52ef5e", "99961156a36aae4a402d6b14c1e7efde642794b3ddbf32c51db0cb3a199e8b11", "9ba88c2d99bcaf7b9cb720925e3290d73b2367d238c5779363fd5598b2dc98c7", "a140bf853edb2b5e8692fe94869e3e34077d7599170c113d07a58286c604f4fe", "a14dc7a36c845991d908a7179502ca47bcba5ae1817c4426ce68cf2c97b20ad9", "a3d2aec4b09c8e59fee8b0d1ed668d09e8c48b738f03f5d8401d7eb409111c47", "a8f892378b0b02526635b806f59141abbb429d19bec56e869e04f396502c9651", "aaa5ae26883c3d58d1a4323981f96b941fa09bb8f0f368d97c6225585280cf04", "b56caecc16307b088a431a4038c3b3bb7d0e7f9988cbd0e9fa04ac937455ea38", "bd7f59ff1252a3db8a143b13ea1c1e93d4b8cf4b852eb48b22ef1e6942f62a84", "c1bb8f47d58e9f7c4825abfe01e6b85eda53c8b31d2267ca4cddf3c4d0829b80", "d1a5e5fa47ba9557a7d3b31605631805adc66cdba9d95b5d10dfc52cca1fed53", "dcbc06556f3713a9348c4fce02d05d91e678fc320fb2bcf0ddf8e4bb11d17867", "e17b2e0936b04ced99769e26111e1e86ba81619d1b2691b1364f795e45560953", "e6932518db389ede8bf06b4119bbd3e17f42d4626e72dec2b8955b20ec732cb6", "ea4b3ad696d976d5eac74ec8df9a2c692113e455446ee38d5b3bd87f8e034fa6", "ee50b0cf0d28748ef9f941894eb50fc464bd61b8e96aaf80c5056bea9b80d580", "ef624b6134aef737b3daa4fb7e806cb8c5749efecd0b1fa9ce4f7e060c7a0221", "f5450aa904e720f9c6407b59e96a8951ed6a95463f49444b6d2594b067d39588", "f8514453411d72cc3cf7d481f2b6057e5b7436736d0cd39ee2b2f72088bbf497", "fae91f30dc050a8d0b32d20dc700e6092f0bd2138d83e9570fff3f0372c1b27e"]
httpbin = ["7a04b5904c80b7aa04dd0a6af6520d68ce17a5db175e66a64b971f8e93d73a26", "cbb37790c91575f4f15757f42ad41d9f729eb227d5edbe89e4ec175486db8dfa"]
idna = ["c357b3f628cf53ae2c4c05627ecc484553142ca23264e593d327bcde5e9c3407", "ea8b7f6188e6fa117537c3df7da9fc686d485087abf6ac197f9c46432f7e4a3c"]
importlib-metadata = ["06f5b3a99029c7134207dd882428a66992a9de2bef7c2b699b5641f9886c3302", "b97607a1a18a5100839aec1dc26a1ea17ee0d93b20b0f008d80a5a050afb200b"]
itsdangerous = ["321b033d07f2a4136d3ec762eac9f16a10ccd60f53c0c91af90217ace7ba1f19", "b12271b2047cb23eeb98c8b5622e2e5c5e9abd9784a153e9d8ef9cb4dd09d749"]
jinja2 = ["93187ffbc7808079673ef52771baa950426fd664d3aad1d0fa3e95644360e250", "b0eaf100007721b5c16c1fc1eecb87409464edc10469ddc9a22a27a99123be49"]
markupsafe = ["00bc623926325b26bb9605ae9eae8a215691f33cae5df11ca5424f06f2d1f473", "09027a7803a62ca78792ad89403b1b7a73a01c8cb65909cd876f7fcebd79b161", "09c4b7f37d6c648cb13f9230d847adf22f8171b1ccc4d5682398e77f40309235", "1027c282dad077d0bae18be6794e6b6b8c91d58ed8a8d89a89d59693b9131db5", "24982cc2533820871eba85ba648cd53d8623687ff11cbb805be4ff7b4c971aff", "29872e92839765e546828bb7754a68c418d927cd064fd4708fab9fe9c8bb116b", "43a55c2930bbc139570ac2452adf3d70cdbb3cfe5912c71cdce1c2c6bbd9c5d1", "46c99d2de99945ec5cb54f23c8cd5689f6d7177305ebff350a58ce5f8de1669e", "500d4957e52ddc3351cabf489e79c91c17f6e0899158447047588650b5e69183", "535f6fc4d397c1563d08b88e485c3496cf5784e927af890fb3c3aac7f933ec66", "62fe6c95e3ec8a7fad637b7f3d372c15ec1caa01ab47926cfdf7a75b40e0eac1", "6dd73240d2af64df90aa7c4e7481e23825ea70af4b4922f8ede5b9e35f78a3b1", "717ba8fe3ae9cc0006d7c451f0bb265ee07739daf76355d06366154ee68d221e", "79855e1c5b8da654cf486b830bd42c06e8780cea587384cf6545b7d9ac013a0b", "7c1699dfe0cf8ff607dbdcc1e9b9af1755371f92a68f706051cc8c37d447c905", "88e5fcfb52ee7b911e8bb6d6aa2fd21fbecc674eadd44118a9cc3863f938e735", "8defac2f2ccd6805ebf65f5eeb132adcf2ab57aa11fdf4c0dd5169a004710e7d", "98c7086708b163d425c67c7a91bad6e466bb99d797aa64f965e9d25c12111a5e", "9add70b36c5666a2ed02b43b335fe19002ee5235efd4b8a89bfcf9005bebac0d", "9bf40443012702a1d2070043cb6291650a0841ece432556f784f004937f0f32c", "ade5e387d2ad0d7ebf59146cc00c8044acbd863725f887353a10df825fc8ae21", "b00c1de48212e4cc9603895652c5c410df699856a2853135b3967591e4beebc2", "b1282f8c00509d99fef04d8ba936b156d419be841854fe901d8ae224c59f0be5", "b2051432115498d3562c084a49bba65d97cf251f5a331c64a12ee7e04dacc51b", "ba59edeaa2fc6114428f1637ffff42da1e311e29382d81b339c1817d37ec93c6", "c8716a48d94b06bb3b2524c2b77e055fb313aeb4ea620c8dd03a105574ba704f", "cd5df75523866410809ca100dc9681e301e3c27567cf498077e8551b6d20e42f", "e249096428b3ae81b08327a63a485ad0878de3fb939049038579ac0ef61e17e7"]
marshmallow = ["7669b944d6233b81f68739d5826f1176c3841cc31cf6b856841083b5a72f5ca9", "c9d277f6092f32300395fb83d343be9f61b5e99d66d22bae1e5e7cd82608fee6"]
mccabe = ["ab8a6258860da4b6677da4bd2fe5dc2c659cff31b3ee4f7f5d64e79735b80d42", "dd8d182285a0fe56bace7f45b5e7d1a6ebcbf524e8f3bd87eb0f125271b8831f"]
more-itertools = ["5dd8bcf33e5f9513ffa06d5ad33d78f31e1931ac9a18f33d37e77a180d393a7c", "b1ddb932186d8a6ac451e1d95844b382f55e12686d51ca0c68b6f61f2ab7a507"]
packaging = ["170748228214b70b672c581a3dd610ee51f733018650740e98c7df862a583f73", "e665345f9eef0c621aa0bf2f8d78cf6d21904eef16a93f020240b704a57f1334"]
paho-mqtt = ["e3d286198baaea195c8b3bc221941d25a3ab0e1507fc1779bdb7473806394be4"]
pluggy = ["15b2acde666561e1298d71b523007ed7364de07029219b604cf808bfa1c765b0", "966c145cd83c96502c3c3868f50408687b38434af77734af1e9ca461a4081d2d"]
prometheus-client = ["71cd24a2b3eb335cb800c7159f423df1bd4dcd5171b234be15e3f31ec9f622da"]
protobuf = ["0bae429443cc4748be2aadfdaf9633297cfaeb24a9a02d0ab15849175ce90fab", "24e3b6ad259544d717902777b33966a1a069208c885576254c112663e6a5bb0f", "2affcaba328c4662f3bc3c0e9576ea107906b2c2b6422344cdad961734ff6b93", "310a7aca6e7f257510d0c750364774034272538d51796ca31d42c3925d12a52a", "52e586072612c1eec18e1174f8e3bb19d08f075fc2e3f91d3b16c919078469d0", "73152776dc75f335c476d11d52ec6f0f6925774802cd48d6189f4d5d7fe753f4", "7774bbbaac81d3ba86de646c39f154afc8156717972bf0450c9dbfa1dc8dbea2", "82d7ac987715d8d1eb4068bf997f3053468e0ce0287e2729c30601feb6602fee", "8eb9c93798b904f141d9de36a0ba9f9b73cc382869e67c9e642c0aba53b0fc07", "adf0e4d57b33881d0c63bb11e7f9038f98ee0c3e334c221f0858f826e8fb0151", "c40973a0aee65422d8cb4e7d7cbded95dfeee0199caab54d5ab25b63bce8135a", "c77c974d1dadf246d789f6dad1c24426137c9091e930dbf50e0a29c1fcf00b1f", "dd9aa4401c36785ea1b6fff0552c674bdd1b641319cb07ed1fe2392388e9b0d7", "e11df1ac6905e81b815ab6fd518e79be0a58b5dc427a2cf7208980f30694b956", "e2f8a75261c26b2f5f3442b0525d50fd79a71aeca04b5ec270fc123536188306", "e512b7f3a4dd780f59f1bf22c302740e27b10b5c97e858a6061772668cd6f961", "ef2c2e56aaf9ee914d3dccc3408d42661aaf7d9bb78eaa8f17b2e6282f214481", "fac513a9dc2a74b99abd2e17109b53945e364649ca03d9f7a0b96aa8d1807d0a", "fdfb6ad138dbbf92b5dbea3576d7c8ba7463173f7d2cb0ca1bd336ec88ddbd80"]
pudb = ["e8f0ea01b134d802872184b05bffc82af29a1eb2f9374a277434b932d68f58dc"]
py = ["5e27081401262157467ad6e7f851b7aa402c5852dbcb3dae06768434de5752aa", "c20fdd83a5dbc0af9efd622bee9a5564e278f6380fffcacc43ba6f43db2813b0"]
pycodestyle = ["95a2219d12372f05704562a14ec30bc76b05a5b297b21a5dfe3f6fac3491ae56", "e40a936c9a450ad81df37f549d676d127b1b66000a6c500caa2b085bc0ca976c"]
pycparser = ["a988718abfad80b6b157acce7bf130a30876d27603738ac39f140993246b25b3"]
pyelftools = ["86ac6cee19f6c945e8dedf78c6ee74f1112bd14da5a658d8c9d4103aed5756a2", "cc0ea0de82b240a73ef4056fce44acbb4727dca7d66759371aff2bad457ed711"]
pyflakes = ["17dbeb2e3f4d772725c777fabc446d5634d1038f234e77343108ce445ea69ce0", "d976835886f8c5b31d47970ed689944a0262b5f3afa00a5a7b4dc81e5449f8a2"]
pygments = ["2a3fe295e54a20164a9df49c75fa58526d3be48e14aceba6d6b1e8ac0bfd6f1b", "98c8aa5a9f778fcd1026a17361ddaf7330d1b7c62ae97c3bb0ae73e0b9b6b0fe"]
pyinstaller = ["3730fa80d088f8bb7084d32480eb87cbb4ddb64123363763cf8f2a1378c1c4b7"]
pyparsing = ["4c830582a84fb022400b85429791bc551f1f4871c33f23e44f353119e92f969f", "c342dccb5250c08d45fd6f8b4a559613ca603b57498511740e65cd11a2e7dcec"]
pysdl2 = ["b52acab5493a77b08c2afee1f385769fc2005f17cfeaf1886eff22dc78da2123"]
pytest = ["0d5fe9189a148acc3c3eb2ac8e1ac0742cb7618c084f3d228baaec0c254b318d", "ff615c761e25eb25df19edddc0b970302d2a9091fbce0e7213298d85fb61fef6"]
pytest-httpbin = ["973047d5c36c03afbbb91322e510e0f2337fd25cb0c837d749c989620d3be16a", "d8ce547f42423026550ed7765f6c6d50c033b43025e8592270a7abf970e19b72"]
pytest-pudb = ["0ea87316d39c82163d340c28a168e08a163b8d3f484e60a53c9fd5eefe432c63", "21e96fc16f313a7bd75e1df1b151de8a721144318b0ae8350208d6554222005a"]
python-dateutil = ["73ebfe9dbf22e832286dafa60473e4cd239f8592f699aa5adaf10050e6e1823c", "75bb3f31ea686f1197762692a9ee6a7550b59fc6ca3a1f4b5d7e32fb98e2da2a"]
pytz = ["1c557d7d0e871de1f5ccd5833f60fb2550652da6be2693c1e02300743d21500d", "b02c06db6cf09c12dd25137e563b31700d3b80fcc4ad23abb7a315f2789819be"]
pyyaml = ["059b2ee3194d718896c0ad077dd8c043e5e909d9180f387ce42012662a4946d6", "1cf708e2ac57f3aabc87405f04b86354f66799c8e62c28c5fc5f88b5521b2dbf", "24521fa2890642614558b492b473bee0ac1f8057a7263156b02e8b14c88ce6f5", "4fee71aa5bc6ed9d5f116327c04273e25ae31a3020386916905767ec4fc5317e", "70024e02197337533eef7b85b068212420f950319cc8c580261963aefc75f811", "74782fbd4d4f87ff04159e986886931456a1894c61229be9eaf4de6f6e44b99e", "940532b111b1952befd7db542c370887a8611660d2b9becff75d39355303d82d", "cb1f2f5e426dc9f07a7681419fe39cee823bb74f723f36f70399123f439e9b20", "dbbb2379c19ed6042e8f11f2a2c66d39cceb8aeace421bfc29d085d93eda3689", "e3a057b7a64f1222b56e47bcff5e4b94c4f61faac04c7c4ecb1985e18caa3994", "e9f45bd5b92c7974e59bcd2dcc8631a6b6cc380a904725fce7bc08872e691615"]
raven = ["3fa6de6efa2493a7c827472e984ce9b020797d0da16f1db67197bcc23c8fae54", "44a13f87670836e153951af9a3c80405d36b43097db869a36e92809673692ce4"]
requests = ["11e007a8a2aa0323f5a921e9e6a2d7e4e67d9877e85773fba9ba6419025cbeb4", "9cf5292fcd0f598c671cfc1e0d7d1a7f13bb8085e9a590f48c010551dc6c4b31"]
six = ["236bdbdce46e6e6a3d61a337c0f8b763ca1e8717c03b369e87a7ec7ce1319c0a", "8f3cd2e254d8f793e7f3d6d9df77b92252b52637291d0f0da013c76ea2724b6c"]
staticx = ["3ccfdb7710f1a6c5b86b8310a408f73b1373425f14d5d09c46044e8235c0c73e", "aac34e077a996494f8f717dcb9b8e692c37c1132b203e192f78bf96ce57ce6b5"]
urllib3 = ["2f3db8b19923a873b3e5256dc9c2dedfa883e33d87c690d9c7913e1f40673cdc", "87716c2d2a7121198ebcb7ce7cccf6ce5e9ba539041cfbaeecfb641dc0bf6acc"]
urwid = ["0896f36060beb6bf3801cb554303fef336a79661401797551ba106d23ab4cd86"]
wcwidth = ["8fd29383f539be45b20bd4df0dc29c20ba48654a41e661925e612311e9f3c603", "f28b3e8a6483e5d49e7f8949ac1a78314e740333ae305b4ba5defd3e74fb37a8"]
werkzeug = ["169ba8a33788476292d04186ab33b01d6add475033dfc07215e6d219cc077096", "6dc65cf9091cf750012f56f2cad759fa9e879f511b5ff8685e456b4e3bf90d16"]
zipp = ["5c56e330306215cd3553342cfafc73dda2c60792384117893f3a83f8a1209f50", "d65287feb793213ffe11c0f31b81602be31448f38aeb8ffc2eb286c4f6f6657e"]
